
Microsoft Visual Studio Solution File, Format Version 12.00
# Visual Studio Version 17
VisualStudioVersion = 17.3.32721.290
MinimumVisualStudioVersion = 10.0.40219.1
Project("{9A19103F-16F7-4668-BE54-9A1E7A4F7556}") = "ServerMessaging.Lib", "ServerMessaging.Lib\ServerMessaging.Lib.csproj", "{2E11ABAD-3378-4F9C-A334-0F4CDC307E87}"
EndProject
Project("{9A19103F-16F7-4668-BE54-9A1E7A4F7556}") = "ServerMessaging.PlaygroundServer", "ServerMessaging.Playground\ServerMessaging.PlaygroundServer.csproj", "{67FA4AEE-4DC7-4960-8107-129D44186FC8}"
EndProject
Project("{9A19103F-16F7-4668-BE54-9A1E7A4F7556}") = "ServerMessaging.PlaygroundClient", "ServerMessaging.PlaygroundClient\ServerMessaging.PlaygroundClient.csproj", "{A1D3E29D-230C-4A30-9167-A79B24A56D66}"
EndProject
Project("{FAE04EC0-301F-11D3-BF4B-00C04F79EFBC}") = "ServerMessaging.Terminal.Infrastructure", "ServerMessaging.Terminal.Infrastructure\ServerMessaging.Terminal.Infrastructure.csproj", "{3DA7BB12-057E-4134-B283-6F3E3601F242}"
EndProject
Global
	GlobalSection(SolutionConfigurationPlatforms) = preSolution
		Debug|Any CPU = Debug|Any CPU
		Release|Any CPU = Release|Any CPU
	EndGlobalSection
	GlobalSection(ProjectConfigurationPlatforms) = postSolution
		{2E11ABAD-3378-4F9C-A334-0F4CDC307E87}.Debug|Any CPU.ActiveCfg = Debug|Any CPU
		{2E11ABAD-3378-4F9C-A334-0F4CDC307E87}.Debug|Any CPU.Build.0 = Debug|Any CPU
		{2E11ABAD-3378-4F9C-A334-0F4CDC307E87}.Release|Any CPU.ActiveCfg = Release|Any CPU
		{2E11ABAD-3378-4F9C-A334-0F4CDC307E87}.Release|Any CPU.Build.0 = Release|Any CPU
		{67FA4AEE-4DC7-4960-8107-129D44186FC8}.Debug|Any CPU.ActiveCfg = Debug|Any CPU
		{67FA4AEE-4DC7-4960-8107-129D44186FC8}.Debug|Any CPU.Build.0 = Debug|Any CPU
		{67FA4AEE-4DC7-4960-8107-129D44186FC8}.Release|Any CPU.ActiveCfg = Release|Any CPU
		{67FA4AEE-4DC7-4960-8107-129D44186FC8}.Release|Any CPU.Build.0 = Release|Any CPU
		{A1D3E29D-230C-4A30-9167-A79B24A56D66}.Debug|Any CPU.ActiveCfg = Debug|Any CPU
		{A1D3E29D-230C-4A30-9167-A79B24A56D66}.Debug|Any CPU.Build.0 = Debug|Any CPU
		{A1D3E29D-230C-4A30-9167-A79B24A56D66}.Release|Any CPU.ActiveCfg = Release|Any CPU
		{A1D3E29D-230C-4A30-9167-A79B24A56D66}.Release|Any CPU.Build.0 = Release|Any CPU
		{3DA7BB12-057E-4134-B283-6F3E3601F242}.Debug|Any CPU.ActiveCfg = Debug|Any CPU
		{3DA7BB12-057E-4134-B283-6F3E3601F242}.Debug|Any CPU.Build.0 = Debug|Any CPU
		{3DA7BB12-057E-4134-B283-6F3E3601F242}.Release|Any CPU.ActiveCfg = Release|Any CPU
		{3DA7BB12-057E-4134-B283-6F3E3601F242}.Release|Any CPU.Build.0 = Release|Any CPU
	EndGlobalSection
	GlobalSection(SolutionProperties) = preSolution
		HideSolutionNode = FALSE
	EndGlobalSection
	GlobalSection(ExtensibilityGlobals) = postSolution
		SolutionGuid = {25F53AE0-A3C4-4548-A48C-72CDCBDBDE6C}
	EndGlobalSection
EndGlobal
